// !$*UTF8*$!
{
	archiveVersion = 1;
	classes = {
	};
	objectVersion = 46;
	objects = {

/* Begin PBXBuildFile section */
		071BC93119513CAD003A0A55 /* Earth.jpg in Resources */ = {isa = PBXBuildFile; fileRef = 071BC92719513CAD003A0A55 /* Earth.jpg */; };
		071BC93219513CAD003A0A55 /* EinsteinRing.jpg in Resources */ = {isa = PBXBuildFile; fileRef = 071BC92819513CAD003A0A55 /* EinsteinRing.jpg */; };
		071BC93319513CAD003A0A55 /* Jupiter.jpg in Resources */ = {isa = PBXBuildFile; fileRef = 071BC92919513CAD003A0A55 /* Jupiter.jpg */; };
		071BC93419513CAD003A0A55 /* Mars.jpg in Resources */ = {isa = PBXBuildFile; fileRef = 071BC92A19513CAD003A0A55 /* Mars.jpg */; };
		071BC93519513CAD003A0A55 /* Mercury.jpg in Resources */ = {isa = PBXBuildFile; fileRef = 071BC92B19513CAD003A0A55 /* Mercury.jpg */; };
		071BC93619513CAD003A0A55 /* Neptune.jpg in Resources */ = {isa = PBXBuildFile; fileRef = 071BC92C19513CAD003A0A55 /* Neptune.jpg */; };
		071BC93719513CAD003A0A55 /* Orion.jpg in Resources */ = {isa = PBXBuildFile; fileRef = 071BC92D19513CAD003A0A55 /* Orion.jpg */; };
		071BC93819513CAD003A0A55 /* Saturn.jpg in Resources */ = {isa = PBXBuildFile; fileRef = 071BC92E19513CAD003A0A55 /* Saturn.jpg */; };
		071BC93919513CAD003A0A55 /* Uranus.jpg in Resources */ = {isa = PBXBuildFile; fileRef = 071BC92F19513CAD003A0A55 /* Uranus.jpg */; };
		071BC93A19513CAD003A0A55 /* Venus.jpg in Resources */ = {isa = PBXBuildFile; fileRef = 071BC93019513CAD003A0A55 /* Venus.jpg */; };
		071BC93D19513CF1003A0A55 /* LLSpaceObject.m in Sources */ = {isa = PBXBuildFile; fileRef = 071BC93C19513CF1003A0A55 /* LLSpaceObject.m */; };
		07CCE3491950F9F30024B4EE /* Foundation.framework in Frameworks */ = {isa = PBXBuildFile; fileRef = 07CCE3481950F9F30024B4EE /* Foundation.framework */; };
		07CCE34B1950F9F30024B4EE /* CoreGraphics.framework in Frameworks */ = {isa = PBXBuildFile; fileRef = 07CCE34A1950F9F30024B4EE /* CoreGraphics.framework */; };
		07CCE34D1950F9F30024B4EE /* UIKit.framework in Frameworks */ = {isa = PBXBuildFile; fileRef = 07CCE34C1950F9F30024B4EE /* UIKit.framework */; };
		07CCE3531950F9F30024B4EE /* InfoPlist.strings in Resources */ = {isa = PBXBuildFile; fileRef = 07CCE3511950F9F30024B4EE /* InfoPlist.strings */; };
		07CCE3551950F9F30024B4EE /* main.m in Sources */ = {isa = PBXBuildFile; fileRef = 07CCE3541950F9F30024B4EE /* main.m */; };
		07CCE3591950F9F30024B4EE /* LLAppDelegate.m in Sources */ = {isa = PBXBuildFile; fileRef = 07CCE3581950F9F30024B4EE /* LLAppDelegate.m */; };
		07CCE35C1950F9F30024B4EE /* Main.storyboard in Resources */ = {isa = PBXBuildFile; fileRef = 07CCE35A1950F9F30024B4EE /* Main.storyboard */; };
		07CCE3611950F9F30024B4EE /* Images.xcassets in Resources */ = {isa = PBXBuildFile; fileRef = 07CCE3601950F9F30024B4EE /* Images.xcassets */; };
		07CCE3681950F9F30024B4EE /* XCTest.framework in Frameworks */ = {isa = PBXBuildFile; fileRef = 07CCE3671950F9F30024B4EE /* XCTest.framework */; };
		07CCE3691950F9F30024B4EE /* Foundation.framework in Frameworks */ = {isa = PBXBuildFile; fileRef = 07CCE3481950F9F30024B4EE /* Foundation.framework */; };
		07CCE36A1950F9F30024B4EE /* UIKit.framework in Frameworks */ = {isa = PBXBuildFile; fileRef = 07CCE34C1950F9F30024B4EE /* UIKit.framework */; };
		07CCE3721950F9F30024B4EE /* InfoPlist.strings in Resources */ = {isa = PBXBuildFile; fileRef = 07CCE3701950F9F30024B4EE /* InfoPlist.strings */; };
		07CCE3741950F9F30024B4EE /* Out_of_this_WorldTests.m in Sources */ = {isa = PBXBuildFile; fileRef = 07CCE3731950F9F30024B4EE /* Out_of_this_WorldTests.m */; };
		07CCE37F195109280024B4EE /* LLOuterSpaceTableViewController.m in Sources */ = {isa = PBXBuildFile; fileRef = 07CCE37E195109280024B4EE /* LLOuterSpaceTableViewController.m */; };
		07CCE3821951345E0024B4EE /* AstronomicalData.m in Sources */ = {isa = PBXBuildFile; fileRef = 07CCE3811951345E0024B4EE /* AstronomicalData.m */; };
/* End PBXBuildFile section */

/* Begin PBXContainerItemProxy section */
		07CCE36B1950F9F30024B4EE /* PBXContainerItemProxy */ = {
			isa = PBXContainerItemProxy;
			containerPortal = 07CCE33D1950F9F30024B4EE /* Project object */;
			proxyType = 1;
			remoteGlobalIDString = 07CCE3441950F9F30024B4EE;
			remoteInfo = "Out of this World";
		};
/* End PBXContainerItemProxy section */

/* Begin PBXFileReference section */
		071BC92719513CAD003A0A55 /* Earth.jpg */ = {isa = PBXFileReference; lastKnownFileType = image.jpeg; path = Earth.jpg; sourceTree = "<group>"; };
		071BC92819513CAD003A0A55 /* EinsteinRing.jpg */ = {isa = PBXFileReference; lastKnownFileType = image.jpeg; path = EinsteinRing.jpg; sourceTree = "<group>"; };
		071BC92919513CAD003A0A55 /* Jupiter.jpg */ = {isa = PBXFileReference; lastKnownFileType = image.jpeg; path = Jupiter.jpg; sourceTree = "<group>"; };
		071BC92A19513CAD003A0A55 /* Mars.jpg */ = {isa = PBXFileReference; lastKnownFileType = image.jpeg; path = Mars.jpg; sourceTree = "<group>"; };
		071BC92B19513CAD003A0A55 /* Mercury.jpg */ = {isa = PBXFileReference; lastKnownFileType = image.jpeg; path = Mercury.jpg; sourceTree = "<group>"; };
		071BC92C19513CAD003A0A55 /* Neptune.jpg */ = {isa = PBXFileReference; lastKnownFileType = image.jpeg; path = Neptune.jpg; sourceTree = "<group>"; };
		071BC92D19513CAD003A0A55 /* Orion.jpg */ = {isa = PBXFileReference; lastKnownFileType = image.jpeg; path = Orion.jpg; sourceTree = "<group>"; };
		071BC92E19513CAD003A0A55 /* Saturn.jpg */ = {isa = PBXFileReference; lastKnownFileType = image.jpeg; path = Saturn.jpg; sourceTree = "<group>"; };
		071BC92F19513CAD003A0A55 /* Uranus.jpg */ = {isa = PBXFileReference; lastKnownFileType = image.jpeg; path = Uranus.jpg; sourceTree = "<group>"; };
		071BC93019513CAD003A0A55 /* Venus.jpg */ = {isa = PBXFileReference; lastKnownFileType = image.jpeg; path = Venus.jpg; sourceTree = "<group>"; };
		071BC93B19513CF1003A0A55 /* LLSpaceObject.h */ = {isa = PBXFileReference; fileEncoding = 4; lastKnownFileType = sourcecode.c.h; path = LLSpaceObject.h; sourceTree = "<group>"; };
		071BC93C19513CF1003A0A55 /* LLSpaceObject.m */ = {isa = PBXFileReference; fileEncoding = 4; lastKnownFileType = sourcecode.c.objc; path = LLSpaceObject.m; sourceTree = "<group>"; };
		07CCE3451950F9F30024B4EE /* Out of this World.app */ = {isa = PBXFileReference; explicitFileType = wrapper.application; includeInIndex = 0; path = "Out of this World.app"; sourceTree = BUILT_PRODUCTS_DIR; };
		07CCE3481950F9F30024B4EE /* Foundation.framework */ = {isa = PBXFileReference; lastKnownFileType = wrapper.framework; name = Foundation.framework; path = System/Library/Frameworks/Foundation.framework; sourceTree = SDKROOT; };
		07CCE34A1950F9F30024B4EE /* CoreGraphics.framework */ = {isa = PBXFileReference; lastKnownFileType = wrapper.framework; name = CoreGraphics.framework; path = System/Library/Frameworks/CoreGraphics.framework; sourceTree = SDKROOT; };
		07CCE34C1950F9F30024B4EE /* UIKit.framework */ = {isa = PBXFileReference; lastKnownFileType = wrapper.framework; name = UIKit.framework; path = System/Library/Frameworks/UIKit.framework; sourceTree = SDKROOT; };
		07CCE3501950F9F30024B4EE /* Out of this World-Info.plist */ = {isa = PBXFileReference; lastKnownFileType = text.plist.xml; path = "Out of this World-Info.plist"; sourceTree = "<group>"; };
		07CCE3521950F9F30024B4EE /* en */ = {isa = PBXFileReference; lastKnownFileType = text.plist.strings; name = en; path = en.lproj/InfoPlist.strings; sourceTree = "<group>"; };
		07CCE3541950F9F30024B4EE /* main.m */ = {isa = PBXFileReference; lastKnownFileType = sourcecode.c.objc; path = main.m; sourceTree = "<group>"; };
		07CCE3561950F9F30024B4EE /* Out of this World-Prefix.pch */ = {isa = PBXFileReference; lastKnownFileType = sourcecode.c.h; path = "Out of this World-Prefix.pch"; sourceTree = "<group>"; };
		07CCE3571950F9F30024B4EE /* LLAppDelegate.h */ = {isa = PBXFileReference; lastKnownFileType = sourcecode.c.h; path = LLAppDelegate.h; sourceTree = "<group>"; };
		07CCE3581950F9F30024B4EE /* LLAppDelegate.m */ = {isa = PBXFileReference; lastKnownFileType = sourcecode.c.objc; path = LLAppDelegate.m; sourceTree = "<group>"; };
		07CCE35B1950F9F30024B4EE /* Base */ = {isa = PBXFileReference; lastKnownFileType = file.storyboard; name = Base; path = Base.lproj/Main.storyboard; sourceTree = "<group>"; };
		07CCE3601950F9F30024B4EE /* Images.xcassets */ = {isa = PBXFileReference; lastKnownFileType = folder.assetcatalog; path = Images.xcassets; sourceTree = "<group>"; };
		07CCE3661950F9F30024B4EE /* Out of this WorldTests.xctest */ = {isa = PBXFileReference; explicitFileType = wrapper.cfbundle; includeInIndex = 0; path = "Out of this WorldTests.xctest"; sourceTree = BUILT_PRODUCTS_DIR; };
		07CCE3671950F9F30024B4EE /* XCTest.framework */ = {isa = PBXFileReference; lastKnownFileType = wrapper.framework; name = XCTest.framework; path = Library/Frameworks/XCTest.framework; sourceTree = DEVELOPER_DIR; };
		07CCE36F1950F9F30024B4EE /* Out of this WorldTests-Info.plist */ = {isa = PBXFileReference; lastKnownFileType = text.plist.xml; path = "Out of this WorldTests-Info.plist"; sourceTree = "<group>"; };
		07CCE3711950F9F30024B4EE /* en */ = {isa = PBXFileReference; lastKnownFileType = text.plist.strings; name = en; path = en.lproj/InfoPlist.strings; sourceTree = "<group>"; };
		07CCE3731950F9F30024B4EE /* Out_of_this_WorldTests.m */ = {isa = PBXFileReference; lastKnownFileType = sourcecode.c.objc; path = Out_of_this_WorldTests.m; sourceTree = "<group>"; };
		07CCE37D195109280024B4EE /* LLOuterSpaceTableViewController.h */ = {isa = PBXFileReference; fileEncoding = 4; lastKnownFileType = sourcecode.c.h; path = LLOuterSpaceTableViewController.h; sourceTree = "<group>"; };
		07CCE37E195109280024B4EE /* LLOuterSpaceTableViewController.m */ = {isa = PBXFileReference; fileEncoding = 4; lastKnownFileType = sourcecode.c.objc; path = LLOuterSpaceTableViewController.m; sourceTree = "<group>"; };
		07CCE3801951345E0024B4EE /* AstronomicalData.h */ = {isa = PBXFileReference; fileEncoding = 4; lastKnownFileType = sourcecode.c.h; path = AstronomicalData.h; sourceTree = "<group>"; };
		07CCE3811951345E0024B4EE /* AstronomicalData.m */ = {isa = PBXFileReference; fileEncoding = 4; lastKnownFileType = sourcecode.c.objc; path = AstronomicalData.m; sourceTree = "<group>"; };
/* End PBXFileReference section */

/* Begin PBXFrameworksBuildPhase section */
		07CCE3421950F9F30024B4EE /* Frameworks */ = {
			isa = PBXFrameworksBuildPhase;
			buildActionMask = 2147483647;
			files = (
				07CCE34B1950F9F30024B4EE /* CoreGraphics.framework in Frameworks */,
				07CCE34D1950F9F30024B4EE /* UIKit.framework in Frameworks */,
				07CCE3491950F9F30024B4EE /* Foundation.framework in Frameworks */,
			);
			runOnlyForDeploymentPostprocessing = 0;
		};
		07CCE3631950F9F30024B4EE /* Frameworks */ = {
			isa = PBXFrameworksBuildPhase;
			buildActionMask = 2147483647;
			files = (
				07CCE3681950F9F30024B4EE /* XCTest.framework in Frameworks */,
				07CCE36A1950F9F30024B4EE /* UIKit.framework in Frameworks */,
				07CCE3691950F9F30024B4EE /* Foundation.framework in Frameworks */,
			);
			runOnlyForDeploymentPostprocessing = 0;
		};
/* End PBXFrameworksBuildPhase section */

/* Begin PBXGroup section */
		07CCE33C1950F9F30024B4EE = {
			isa = PBXGroup;
			children = (
				07CCE34E1950F9F30024B4EE /* Out of this World */,
				07CCE36D1950F9F30024B4EE /* Out of this WorldTests */,
				07CCE3471950F9F30024B4EE /* Frameworks */,
				07CCE3461950F9F30024B4EE /* Products */,
			);
			sourceTree = "<group>";
		};
		07CCE3461950F9F30024B4EE /* Products */ = {
			isa = PBXGroup;
			children = (
				07CCE3451950F9F30024B4EE /* Out of this World.app */,
				07CCE3661950F9F30024B4EE /* Out of this WorldTests.xctest */,
			);
			name = Products;
			sourceTree = "<group>";
		};
		07CCE3471950F9F30024B4EE /* Frameworks */ = {
			isa = PBXGroup;
			children = (
				07CCE3481950F9F30024B4EE /* Foundation.framework */,
				07CCE34A1950F9F30024B4EE /* CoreGraphics.framework */,
				07CCE34C1950F9F30024B4EE /* UIKit.framework */,
				07CCE3671950F9F30024B4EE /* XCTest.framework */,
			);
			name = Frameworks;
			sourceTree = "<group>";
		};
		07CCE34E1950F9F30024B4EE /* Out of this World */ = {
			isa = PBXGroup;
			children = (
				07CCE3571950F9F30024B4EE /* LLAppDelegate.h */,
				07CCE3581950F9F30024B4EE /* LLAppDelegate.m */,
				07CCE35A1950F9F30024B4EE /* Main.storyboard */,
				07CCE37D195109280024B4EE /* LLOuterSpaceTableViewController.h */,
				07CCE37E195109280024B4EE /* LLOuterSpaceTableViewController.m */,
				071BC93B19513CF1003A0A55 /* LLSpaceObject.h */,
				071BC93C19513CF1003A0A55 /* LLSpaceObject.m */,
				07CCE3601950F9F30024B4EE /* Images.xcassets */,
				07CCE34F1950F9F30024B4EE /* Supporting Files */,
			);
			path = "Out of this World";
			sourceTree = "<group>";
		};
		07CCE34F1950F9F30024B4EE /* Supporting Files */ = {
			isa = PBXGroup;
			children = (
				071BC92719513CAD003A0A55 /* Earth.jpg */,
				071BC92819513CAD003A0A55 /* EinsteinRing.jpg */,
				071BC92919513CAD003A0A55 /* Jupiter.jpg */,
				071BC92A19513CAD003A0A55 /* Mars.jpg */,
				071BC92B19513CAD003A0A55 /* Mercury.jpg */,
				071BC92C19513CAD003A0A55 /* Neptune.jpg */,
				071BC92D19513CAD003A0A55 /* Orion.jpg */,
				071BC92E19513CAD003A0A55 /* Saturn.jpg */,
				071BC92F19513CAD003A0A55 /* Uranus.jpg */,
				071BC93019513CAD003A0A55 /* Venus.jpg */,
				07CCE3801951345E0024B4EE /* AstronomicalData.h */,
				07CCE3811951345E0024B4EE /* AstronomicalData.m */,
				07CCE3501950F9F30024B4EE /* Out of this World-Info.plist */,
				07CCE3511950F9F30024B4EE /* InfoPlist.strings */,
				07CCE3541950F9F30024B4EE /* main.m */,
				07CCE3561950F9F30024B4EE /* Out of this World-Prefix.pch */,
			);
			name = "Supporting Files";
			sourceTree = "<group>";
		};
		07CCE36D1950F9F30024B4EE /* Out of this WorldTests */ = {
			isa = PBXGroup;
			children = (
				07CCE3731950F9F30024B4EE /* Out_of_this_WorldTests.m */,
				07CCE36E1950F9F30024B4EE /* Supporting Files */,
			);
			path = "Out of this WorldTests";
			sourceTree = "<group>";
		};
		07CCE36E1950F9F30024B4EE /* Supporting Files */ = {
			isa = PBXGroup;
			children = (
				07CCE36F1950F9F30024B4EE /* Out of this WorldTests-Info.plist */,
				07CCE3701950F9F30024B4EE /* InfoPlist.strings */,
			);
			name = "Supporting Files";
			sourceTree = "<group>";
		};
/* End PBXGroup section */

/* Begin PBXNativeTarget section */
		07CCE3441950F9F30024B4EE /* Out of this World */ = {
			isa = PBXNativeTarget;
			buildConfigurationList = 07CCE3771950F9F30024B4EE /* Build configuration list for PBXNativeTarget "Out of this World" */;
			buildPhases = (
				07CCE3411950F9F30024B4EE /* Sources */,
				07CCE3421950F9F30024B4EE /* Frameworks */,
				07CCE3431950F9F30024B4EE /* Resources */,
			);
			buildRules = (
			);
			dependencies = (
			);
			name = "Out of this World";
			productName = "Out of this World";
			productReference = 07CCE3451950F9F30024B4EE /* Out of this World.app */;
			productType = "com.apple.product-type.application";
		};
		07CCE3651950F9F30024B4EE /* Out of this WorldTests */ = {
			isa = PBXNativeTarget;
			buildConfigurationList = 07CCE37A1950F9F30024B4EE /* Build configuration list for PBXNativeTarget "Out of this WorldTests" */;
			buildPhases = (
				07CCE3621950F9F30024B4EE /* Sources */,
				07CCE3631950F9F30024B4EE /* Frameworks */,
				07CCE3641950F9F30024B4EE /* Resources */,
			);
			buildRules = (
			);
			dependencies = (
				07CCE36C1950F9F30024B4EE /* PBXTargetDependency */,
			);
			name = "Out of this WorldTests";
			productName = "Out of this WorldTests";
			productReference = 07CCE3661950F9F30024B4EE /* Out of this WorldTests.xctest */;
			productType = "com.apple.product-type.bundle.unit-test";
		};
/* End PBXNativeTarget section */

/* Begin PBXProject section */
		07CCE33D1950F9F30024B4EE /* Project object */ = {
			isa = PBXProject;
			attributes = {
				CLASSPREFIX = LL;
				LastUpgradeCheck = 0510;
				ORGANIZATIONNAME = "LOC LE";
				TargetAttributes = {
					07CCE3651950F9F30024B4EE = {
						TestTargetID = 07CCE3441950F9F30024B4EE;
					};
				};
			};
			buildConfigurationList = 07CCE3401950F9F30024B4EE /* Build configuration list for PBXProject "Out of this World" */;
			compatibilityVersion = "Xcode 3.2";
			developmentRegion = English;
			hasScannedForEncodings = 0;
			knownRegions = (
				en,
				Base,
			);
			mainGroup = 07CCE33C1950F9F30024B4EE;
			productRefGroup = 07CCE3461950F9F30024B4EE /* Products */;
			projectDirPath = "";
			projectRoot = "";
			targets = (
				07CCE3441950F9F30024B4EE /* Out of this World */,
				07CCE3651950F9F30024B4EE /* Out of this WorldTests */,
			);
		};
/* End PBXProject section */

/* Begin PBXResourcesBuildPhase section */
		07CCE3431950F9F30024B4EE /* Resources */ = {
			isa = PBXResourcesBuildPhase;
			buildActionMask = 2147483647;
			files = (
				071BC93119513CAD003A0A55 /* Earth.jpg in Resources */,
				071BC93A19513CAD003A0A55 /* Venus.jpg in Resources */,
				071BC93519513CAD003A0A55 /* Mercury.jpg in Resources */,
				071BC93819513CAD003A0A55 /* Saturn.jpg in Resources */,
				071BC93919513CAD003A0A55 /* Uranus.jpg in Resources */,
				07CCE3611950F9F30024B4EE /* Images.xcassets in Resources */,
				071BC93619513CAD003A0A55 /* Neptune.jpg in Resources */,
				071BC93419513CAD003A0A55 /* Mars.jpg in Resources */,
				07CCE3531950F9F30024B4EE /* InfoPlist.strings in Resources */,
				07CCE35C1950F9F30024B4EE /* Main.storyboard in Resources */,
				071BC93219513CAD003A0A55 /* EinsteinRing.jpg in Resources */,
				071BC93319513CAD003A0A55 /* Jupiter.jpg in Resources */,
				071BC93719513CAD003A0A55 /* Orion.jpg in Resources */,
			);
			runOnlyForDeploymentPostprocessing = 0;
		};
		07CCE3641950F9F30024B4EE /* Resources */ = {
			isa = PBXResourcesBuildPhase;
			buildActionMask = 2147483647;
			files = (
				07CCE3721950F9F30024B4EE /* InfoPlist.strings in Resources */,
			);
			runOnlyForDeploymentPostprocessing = 0;
		};
/* End PBXResourcesBuildPhase section */

/* Begin PBXSourcesBuildPhase section */
		07CCE3411950F9F30024B4EE /* Sources */ = {
			isa = PBXSourcesBuildPhase;
			buildActionMask = 2147483647;
			files = (
				07CCE3591950F9F30024B4EE /* LLAppDelegate.m in Sources */,
				07CCE37F195109280024B4EE /* LLOuterSpaceTableViewController.m in Sources */,
				071BC93D19513CF1003A0A55 /* LLSpaceObject.m in Sources */,
				07CCE3551950F9F30024B4EE /* main.m in Sources */,
				07CCE3821951345E0024B4EE /* AstronomicalData.m in Sources */,
			);
			runOnlyForDeploymentPostprocessing = 0;
		};
		07CCE3621950F9F30024B4EE /* Sources */ = {
			isa = PBXSourcesBuildPhase;
			buildActionMask = 2147483647;
			files = (
				07CCE3741950F9F30024B4EE /* Out_of_this_WorldTests.m in Sources */,
			);
			runOnlyForDeploymentPostprocessing = 0;
		};
/* End PBXSourcesBuildPhase section */

/* Begin PBXTargetDependency section */
		07CCE36C1950F9F30024B4EE /* PBXTargetDependency */ = {
			isa = PBXTargetDependency;
			target = 07CCE3441950F9F30024B4EE /* Out of this World */;
			targetProxy = 07CCE36B1950F9F30024B4EE /* PBXContainerItemProxy */;
		};
/* End PBXTargetDependency section */

/* Begin PBXVariantGroup section */
		07CCE3511950F9F30024B4EE /* InfoPlist.strings */ = {
			isa = PBXVariantGroup;
			children = (
				07CCE3521950F9F30024B4EE /* en */,
			);
			name = InfoPlist.strings;
			sourceTree = "<group>";
		};
		07CCE35A1950F9F30024B4EE /* Main.storyboard */ = {
			isa = PBXVariantGroup;
			children = (
				07CCE35B1950F9F30024B4EE /* Base */,
			);
			name = Main.storyboard;
			sourceTree = "<group>";
		};
		07CCE3701950F9F30024B4EE /* InfoPlist.strings */ = {
			isa = PBXVariantGroup;
			children = (
				07CCE3711950F9F30024B4EE /* en */,
			);
			name = InfoPlist.strings;
			sourceTree = "<group>";
		};
/* End PBXVariantGroup section */

/* Begin XCBuildConfiguration section */
		07CCE3751950F9F30024B4EE /* Debug */ = {
			isa = XCBuildConfiguration;
			buildSettings = {
				ALWAYS_SEARCH_USER_PATHS = NO;
				CLANG_CXX_LANGUAGE_STANDARD = "gnu++0x";
				CLANG_CXX_LIBRARY = "libc++";
				CLANG_ENABLE_MODULES = YES;
				CLANG_ENABLE_OBJC_ARC = YES;
				CLANG_WARN_BOOL_CONVERSION = YES;
				CLANG_WARN_CONSTANT_CONVERSION = YES;
				CLANG_WARN_DIRECT_OBJC_ISA_USAGE = YES_ERROR;
				CLANG_WARN_EMPTY_BODY = YES;
				CLANG_WARN_ENUM_CONVERSION = YES;
				CLANG_WARN_INT_CONVERSION = YES;
				CLANG_WARN_OBJC_ROOT_CLASS = YES_ERROR;
				CLANG_WARN__DUPLICATE_METHOD_MATCH = YES;
				"CODE_SIGN_IDENTITY[sdk=iphoneos*]" = "iPhone Developer";
				COPY_PHASE_STRIP = NO;
				GCC_C_LANGUAGE_STANDARD = gnu99;
				GCC_DYNAMIC_NO_PIC = NO;
				GCC_OPTIMIZATION_LEVEL = 0;
				GCC_PREPROCESSOR_DEFINITIONS = (
					"DEBUG=1",
					"$(inherited)",
				);
				GCC_SYMBOLS_PRIVATE_EXTERN = NO;
				GCC_WARN_64_TO_32_BIT_CONVERSION = YES;
				GCC_WARN_ABOUT_RETURN_TYPE = YES_ERROR;
				GCC_WARN_UNDECLARED_SELECTOR = YES;
				GCC_WARN_UNINITIALIZED_AUTOS = YES_AGGRESSIVE;
				GCC_WARN_UNUSED_FUNCTION = YES;
				GCC_WARN_UNUSED_VARIABLE = YES;
				IPHONEOS_DEPLOYMENT_TARGET = 7.1;
				ONLY_ACTIVE_ARCH = YES;
				SDKROOT = iphoneos;
			};
			name = Debug;
		};
		07CCE3761950F9F30024B4EE /* Release */ = {
			isa = XCBuildConfiguration;
			buildSettings = {
				ALWAYS_SEARCH_USER_PATHS = NO;
				CLANG_CXX_LANGUAGE_STANDARD = "gnu++0x";
				CLANG_CXX_LIBRARY = "libc++";
				CLANG_ENABLE_MODULES = YES;
				CLANG_ENABLE_OBJC_ARC = YES;
				CLANG_WARN_BOOL_CONVERSION = YES;
				CLANG_WARN_CONSTANT_CONVERSION = YES;
				CLANG_WARN_DIRECT_OBJC_ISA_USAGE = YES_ERROR;
				CLANG_WARN_EMPTY_BODY = YES;
				CLANG_WARN_ENUM_CONVERSION = YES;
				CLANG_WARN_INT_CONVERSION = YES;
				CLANG_WARN_OBJC_ROOT_CLASS = YES_ERROR;
				CLANG_WARN__DUPLICATE_METHOD_MATCH = YES;
				"CODE_SIGN_IDENTITY[sdk=iphoneos*]" = "iPhone Developer";
				COPY_PHASE_STRIP = YES;
				ENABLE_NS_ASSERTIONS = NO;
				GCC_C_LANGUAGE_STANDARD = gnu99;
				GCC_WARN_64_TO_32_BIT_CONVERSION = YES;
				GCC_WARN_ABOUT_RETURN_TYPE = YES_ERROR;
				GCC_WARN_UNDECLARED_SELECTOR = YES;
				GCC_WARN_UNINITIALIZED_AUTOS = YES_AGGRESSIVE;
				GCC_WARN_UNUSED_FUNCTION = YES;
				GCC_WARN_UNUSED_VARIABLE = YES;
				IPHONEOS_DEPLOYMENT_TARGET = 7.1;
				SDKROOT = iphoneos;
				VALIDATE_PRODUCT = YES;
			};
			name = Release;
		};
		07CCE3781950F9F30024B4EE /* Debug */ = {
			isa = XCBuildConfiguration;
			buildSettings = {
				ASSETCATALOG_COMPILER_APPICON_NAME = AppIcon;
				ASSETCATALOG_COMPILER_LAUNCHIMAGE_NAME = LaunchImage;
				GCC_PRECOMPILE_PREFIX_HEADER = YES;
				GCC_PREFIX_HEADER = "Out of this World/Out of this World-Prefix.pch";
				INFOPLIST_FILE = "Out of this World/Out of this World-Info.plist";
				PRODUCT_NAME = "$(TARGET_NAME)";
				WRAPPER_EXTENSION = app;
			};
			name = Debug;
		};
		07CCE3791950F9F30024B4EE /* Release */ = {
			isa = XCBuildConfiguration;
			buildSettings = {
				ASSETCATALOG_COMPILER_APPICON_NAME = AppIcon;
				ASSETCATALOG_COMPILER_LAUNCHIMAGE_NAME = LaunchImage;
				GCC_PRECOMPILE_PREFIX_HEADER = YES;
				GCC_PREFIX_HEADER = "Out of this World/Out of this World-Prefix.pch";
				INFOPLIST_FILE = "Out of this World/Out of this World-Info.plist";
				PRODUCT_NAME = "$(TARGET_NAME)";
				WRAPPER_EXTENSION = app;
			};
			name = Release;
		};
		07CCE37B1950F9F30024B4EE /* Debug */ = {
			isa = XCBuildConfiguration;
			buildSettings = {
				BUNDLE_LOADER = "$(BUILT_PRODUCTS_DIR)/Out of this World.app/Out of this World";
				FRAMEWORK_SEARCH_PATHS = (
					"$(SDKROOT)/Developer/Library/Frameworks",
					"$(inherited)",
					"$(DEVELOPER_FRAMEWORKS_DIR)",
				);
				GCC_PRECOMPILE_PREFIX_HEADER = YES;
				GCC_PREFIX_HEADER = "Out of this World/Out of this World-Prefix.pch";
				GCC_PREPROCESSOR_DEFINITIONS = (
					"DEBUG=1",
					"$(inherited)",
				);
				INFOPLIST_FILE = "Out of this WorldTests/Out of this WorldTests-Info.plist";
				PRODUCT_NAME = "$(TARGET_NAME)";
				TEST_HOST = "$(BUNDLE_LOADER)";
				WRAPPER_EXTENSION = xctest;
			};
			name = Debug;
		};
		07CCE37C1950F9F30024B4EE /* Release */ = {
			isa = XCBuildConfiguration;
			buildSettings = {
				BUNDLE_LOADER = "$(BUILT_PRODUCTS_DIR)/Out of this World.app/Out of this World";
				FRAMEWORK_SEARCH_PATHS = (
					"$(SDKROOT)/Developer/Library/Frameworks",
					"$(inherited)",
					"$(DEVELOPER_FRAMEWORKS_DIR)",
				);
				GCC_PRECOMPILE_PREFIX_HEADER = YES;
				GCC_PREFIX_HEADER = "Out of this World/Out of this World-Prefix.pch";
				INFOPLIST_FILE = "Out of this WorldTests/Out of this WorldTests-Info.plist";
				PRODUCT_NAME = "$(TARGET_NAME)";
				TEST_HOST = "$(BUNDLE_LOADER)";
				WRAPPER_EXTENSION = xctest;
			};
			name = Release;
		};
/* End XCBuildConfiguration section */

/* Begin XCConfigurationList section */
		07CCE3401950F9F30024B4EE /* Build configuration list for PBXProject "Out of this World" */ = {
			isa = XCConfigurationList;
			buildConfigurations = (
				07CCE3751950F9F30024B4EE /* Debug */,
				07CCE3761950F9F30024B4EE /* Release */,
			);
			defaultConfigurationIsVisible = 0;
			defaultConfigurationName = Release;
		};
		07CCE3771950F9F30024B4EE /* Build configuration list for PBXNativeTarget "Out of this World" */ = {
			isa = XCConfigurationList;
			buildConfigurations = (
				07CCE3781950F9F30024B4EE /* Debug */,
				07CCE3791950F9F30024B4EE /* Release */,
			);
			defaultConfigurationIsVisible = 0;
			defaultConfigurationName = Release;
		};
		07CCE37A1950F9F30024B4EE /* Build configuration list for PBXNativeTarget "Out of this WorldTests" */ = {
			isa = XCConfigurationList;
			buildConfigurations = (
				07CCE37B1950F9F30024B4EE /* Debug */,
				07CCE37C1950F9F30024B4EE /* Release */,
			);
			defaultConfigurationIsVisible = 0;
			defaultConfigurationName = Release;
		};
/* End XCConfigurationList section */
	};
	rootObject = 07CCE33D1950F9F30024B4EE /* Project object */;
}
